dependencies:
- condition: ""
  enabled: false
  import-values: null
  name: mariadb
  repository: https://kubernetes-charts.storage.googleapis.com/
  tags: null
  version: 0.6.3
- condition: ""
  enabled: false
  import-values: null
  name: redis
  repository: https://kubernetes-charts.storage.googleapis.com/
  tags: null
  version: 0.7.0
- condition: ""
  enabled: false
  import-values: null
  name: rabbitmq
  repository: https://kubernetes-charts.storage.googleapis.com/
  tags: null
  version: 0.5.3
digest: sha256:e43c90f5b46a99b71e3cc46ad1a871567931229194fbae624ea83a90aa93f7e4
generated: 2017-06-21T12:40:37.473490506-04:00
